// !$*UTF8*$!
{
	archiveVersion = 1;
	classes = {
	};
	objectVersion = 50;
	objects = {

/* Begin PBXBuildFile section */
		C485032922F01B84009C0606 /* Stack.swift in Sources */ = {isa = PBXBuildFile; fileRef = C485032822F01B84009C0606 /* Stack.swift */; };
		C485032B22F0222E009C0606 /* Code.swift in Sources */ = {isa = PBXBuildFile; fileRef = C485032A22F0222E009C0606 /* Code.swift */; };
		C4EEDF3622E9FE5D00E8920E /* AppDelegate.swift in Sources */ = {isa = PBXBuildFile; fileRef = C4EEDF3522E9FE5D00E8920E /* AppDelegate.swift */; };
		C4EEDF3822E9FE5D00E8920E /* ViewController.swift in Sources */ = {isa = PBXBuildFile; fileRef = C4EEDF3722E9FE5D00E8920E /* ViewController.swift */; };
		C4EEDF3B22E9FE5D00E8920E /* Main.storyboard in Resources */ = {isa = PBXBuildFile; fileRef = C4EEDF3922E9FE5D00E8920E /* Main.storyboard */; };
		C4EEDF3D22E9FE6000E8920E /* Assets.xcassets in Resources */ = {isa = PBXBuildFile; fileRef = C4EEDF3C22E9FE6000E8920E /* Assets.xcassets */; };
		C4EEDF4022E9FE6000E8920E /* LaunchScreen.storyboard in Resources */ = {isa = PBXBuildFile; fileRef = C4EEDF3E22E9FE6000E8920E /* LaunchScreen.storyboard */; };
		C4EEDF4A22EAF88000E8920E /* SortViewController.swift in Sources */ = {isa = PBXBuildFile; fileRef = C4EEDF4922EAF88000E8920E /* SortViewController.swift */; };
/* End PBXBuildFile section */

/* Begin PBXFileReference section */
		C485032822F01B84009C0606 /* Stack.swift */ = {isa = PBXFileReference; lastKnownFileType = sourcecode.swift; path = Stack.swift; sourceTree = "<group>"; };
		C485032A22F0222E009C0606 /* Code.swift */ = {isa = PBXFileReference; lastKnownFileType = sourcecode.swift; path = Code.swift; sourceTree = "<group>"; };
		C4EEDF3222E9FE5D00E8920E /* algorithm.app */ = {isa = PBXFileReference; explicitFileType = wrapper.application; includeInIndex = 0; path = algorithm.app; sourceTree = BUILT_PRODUCTS_DIR; };
		C4EEDF3522E9FE5D00E8920E /* AppDelegate.swift */ = {isa = PBXFileReference; lastKnownFileType = sourcecode.swift; path = AppDelegate.swift; sourceTree = "<group>"; };
		C4EEDF3722E9FE5D00E8920E /* ViewController.swift */ = {isa = PBXFileReference; lastKnownFileType = sourcecode.swift; path = ViewController.swift; sourceTree = "<group>"; };
		C4EEDF3A22E9FE5D00E8920E /* Base */ = {isa = PBXFileReference; lastKnownFileType = file.storyboard; name = Base; path = Base.lproj/Main.storyboard; sourceTree = "<group>"; };
		C4EEDF3C22E9FE6000E8920E /* Assets.xcassets */ = {isa = PBXFileReference; lastKnownFileType = folder.assetcatalog; path = Assets.xcassets; sourceTree = "<group>"; };
		C4EEDF3F22E9FE6000E8920E /* Base */ = {isa = PBXFileReference; lastKnownFileType = file.storyboard; name = Base; path = Base.lproj/LaunchScreen.storyboard; sourceTree = "<group>"; };
		C4EEDF4122E9FE6000E8920E /* Info.plist */ = {isa = PBXFileReference; lastKnownFileType = text.plist.xml; path = Info.plist; sourceTree = "<group>"; };
		C4EEDF4922EAF88000E8920E /* SortViewController.swift */ = {isa = PBXFileReference; lastKnownFileType = sourcecode.swift; path = SortViewController.swift; sourceTree = "<group>"; };
/* End PBXFileReference section */

/* Begin PBXFrameworksBuildPhase section */
		C4EEDF2F22E9FE5D00E8920E /* Frameworks */ = {
			isa = PBXFrameworksBuildPhase;
			buildActionMask = 2147483647;
			files = (
			);
			runOnlyForDeploymentPostprocessing = 0;
		};
/* End PBXFrameworksBuildPhase section */

/* Begin PBXGroup section */
		C4EEDF2922E9FE5D00E8920E = {
			isa = PBXGroup;
			children = (
				C4EEDF3422E9FE5D00E8920E /* algorithm */,
				C4EEDF3322E9FE5D00E8920E /* Products */,
			);
			sourceTree = "<group>";
		};
		C4EEDF3322E9FE5D00E8920E /* Products */ = {
			isa = PBXGroup;
			children = (
				C4EEDF3222E9FE5D00E8920E /* algorithm.app */,
			);
			name = Products;
			sourceTree = "<group>";
		};
		C4EEDF3422E9FE5D00E8920E /* algorithm */ = {
			isa = PBXGroup;
			children = (
				C4EEDF3522E9FE5D00E8920E /* AppDelegate.swift */,
				C4EEDF3722E9FE5D00E8920E /* ViewController.swift */,
				C4EEDF3922E9FE5D00E8920E /* Main.storyboard */,
				C4EEDF3C22E9FE6000E8920E /* Assets.xcassets */,
				C4EEDF3E22E9FE6000E8920E /* LaunchScreen.storyboard */,
				C4EEDF4122E9FE6000E8920E /* Info.plist */,
				C4EEDF4922EAF88000E8920E /* SortViewController.swift */,
				C485032822F01B84009C0606 /* Stack.swift */,
				C485032A22F0222E009C0606 /* Code.swift */,
			);
			path = algorithm;
			sourceTree = "<group>";
		};
/* End PBXGroup section */

/* Begin PBXNativeTarget section */
		C4EEDF3122E9FE5D00E8920E /* algorithm */ = {
			isa = PBXNativeTarget;
			buildConfigurationList = C4EEDF4422E9FE6000E8920E /* Build configuration list for PBXNativeTarget "algorithm" */;
			buildPhases = (
				C4EEDF2E22E9FE5D00E8920E /* Sources */,
				C4EEDF2F22E9FE5D00E8920E /* Frameworks */,
				C4EEDF3022E9FE5D00E8920E /* Resources */,
			);
			buildRules = (
			);
			dependencies = (
			);
			name = algorithm;
			productName = algorithm;
			productReference = C4EEDF3222E9FE5D00E8920E /* algorithm.app */;
			productType = "com.apple.product-type.application";
		};
/* End PBXNativeTarget section */

/* Begin PBXProject section */
		C4EEDF2A22E9FE5D00E8920E /* Project object */ = {
			isa = PBXProject;
			attributes = {
				LastSwiftUpdateCheck = 1020;
				LastUpgradeCheck = 1020;
				ORGANIZATIONNAME = xiuyu;
				TargetAttributes = {
					C4EEDF3122E9FE5D00E8920E = {
						CreatedOnToolsVersion = 10.2.1;
					};
				};
			};
			buildConfigurationList = C4EEDF2D22E9FE5D00E8920E /* Build configuration list for PBXProject "algorithm" */;
			compatibilityVersion = "Xcode 9.3";
			developmentRegion = en;
			hasScannedForEncodings = 0;
			knownRegions = (
				en,
				Base,
			);
			mainGroup = C4EEDF2922E9FE5D00E8920E;
			productRefGroup = C4EEDF3322E9FE5D00E8920E /* Products */;
			projectDirPath = "";
			projectRoot = "";
			targets = (
				C4EEDF3122E9FE5D00E8920E /* algorithm */,
			);
		};
/* End PBXProject section */

/* Begin PBXResourcesBuildPhase section */
		C4EEDF3022E9FE5D00E8920E /* Resources */ = {
			isa = PBXResourcesBuildPhase;
			buildActionMask = 2147483647;
			files = (
				C4EEDF4022E9FE6000E8920E /* LaunchScreen.storyboard in Resources */,
				C4EEDF3D22E9FE6000E8920E /* Assets.xcassets in Resources */,
				C4EEDF3B22E9FE5D00E8920E /* Main.storyboard in Resources */,
			);
			runOnlyForDeploymentPostprocessing = 0;
		};
/* End PBXResourcesBuildPhase section */

/* Begin PBXSourcesBuildPhase section */
		C4EEDF2E22E9FE5D00E8920E /* Sources */ = {
			isa = PBXSourcesBuildPhase;
			buildActionMask = 2147483647;
			files = (
				C485032922F01B84009C0606 /* Stack.swift in Sources */,
				C4EEDF3822E9FE5D00E8920E /* ViewController.swift in Sources */,
				C4EEDF3622E9FE5D00E8920E /* AppDelegate.swift in Sources */,
				C4EEDF4A22EAF88000E8920E /* SortViewController.swift in Sources */,
				C485032B22F0222E009C0606 /* Code.swift in Sources */,
			);
			runOnlyForDeploymentPostprocessing = 0;
		};
/* End PBXSourcesBuildPhase section */

/* Begin PBXVariantGroup section */
		C4EEDF3922E9FE5D00E8920E /* Main.storyboard */ = {
			isa = PBXVariantGroup;
			children = (
				C4EEDF3A22E9FE5D00E8920E /* Base */,
			);
			name = Main.storyboard;
			sourceTree = "<group>";
		};
		C4EEDF3E22E9FE6000E8920E /* LaunchScreen.storyboard */ = {
			isa = PBXVariantGroup;
			children = (
				C4EEDF3F22E9FE6000E8920E /* Base */,
			);
			name = LaunchScreen.storyboard;
			sourceTree = "<group>";
		};
/* End PBXVariantGroup section */

/* Begin XCBuildConfiguration section */
		C4EEDF4222E9FE6000E8920E /* Debug */ = {
			isa = XCBuildConfiguration;
			buildSettings = {
				ALWAYS_SEARCH_USER_PATHS = NO;
				CLANG_ANALYZER_NONNULL = YES;
				CLANG_ANALYZER_NUMBER_OBJECT_CONVERSION = YES_AGGRESSIVE;
				CLANG_CXX_LANGUAGE_STANDARD = "gnu++14";
				CLANG_CXX_LIBRARY = "libc++";
				CLANG_ENABLE_MODULES = YES;
				CLANG_ENABLE_OBJC_ARC = YES;
				CLANG_ENABLE_OBJC_WEAK = YES;
				CLANG_WARN_BLOCK_CAPTURE_AUTORELEASING = YES;
				CLANG_WARN_BOOL_CONVERSION = YES;
				CLANG_WARN_COMMA = YES;
				CLANG_WARN_CONSTANT_CONVERSION = YES;
				CLANG_WARN_DEPRECATED_OBJC_IMPLEMENTATIONS = YES;
				CLANG_WARN_DIRECT_OBJC_ISA_USAGE = YES_ERROR;
				CLANG_WARN_DOCUMENTATION_COMMENTS = YES;
				CLANG_WARN_EMPTY_BODY = YES;
				CLANG_WARN_ENUM_CONVERSION = YES;
				CLANG_WARN_INFINITE_RECURSION = YES;
				CLANG_WARN_INT_CONVERSION = YES;
				CLANG_WARN_NON_LITERAL_NULL_CONVERSION = YES;
				CLANG_WARN_OBJC_IMPLICIT_RETAIN_SELF = YES;
				CLANG_WARN_OBJC_LITERAL_CONVERSION = YES;
				CLANG_WARN_OBJC_ROOT_CLASS = YES_ERROR;
				CLANG_WARN_RANGE_LOOP_ANALYSIS = YES;
				CLANG_WARN_STRICT_PROTOTYPES = YES;
				CLANG_WARN_SUSPICIOUS_MOVE = YES;
				CLANG_WARN_UNGUARDED_AVAILABILITY = YES_AGGRESSIVE;
				CLANG_WARN_UNREACHABLE_CODE = YES;
				CLANG_WARN__DUPLICATE_METHOD_MATCH = YES;
				CODE_SIGN_IDENTITY = "iPhone Developer";
				COPY_PHASE_STRIP = NO;
				DEBUG_INFORMATION_FORMAT = dwarf;
				ENABLE_STRICT_OBJC_MSGSEND = YES;
				ENABLE_TESTABILITY = YES;
				GCC_C_LANGUAGE_STANDARD = gnu11;
				GCC_DYNAMIC_NO_PIC = NO;
				GCC_NO_COMMON_BLOCKS = YES;
				GCC_OPTIMIZATION_LEVEL = 0;
				GCC_PREPROCESSOR_DEFINITIONS = (
					"DEBUG=1",
					"$(inherited)",
				);
				GCC_WARN_64_TO_32_BIT_CONVERSION = YES;
				GCC_WARN_ABOUT_RETURN_TYPE = YES_ERROR;
				GCC_WARN_UNDECLARED_SELECTOR = YES;
				GCC_WARN_UNINITIALIZED_AUTOS = YES_AGGRESSIVE;
				GCC_WARN_UNUSED_FUNCTION = YES;
				GCC_WARN_UNUSED_VARIABLE = YES;
				IPHONEOS_DEPLOYMENT_TARGET = 12.2;
				MTL_ENABLE_DEBUG_INFO = INCLUDE_SOURCE;
				MTL_FAST_MATH = YES;
				ONLY_ACTIVE_ARCH = YES;
				SDKROOT = iphoneos;
				SWIFT_ACTIVE_COMPILATION_CONDITIONS = DEBUG;
				SWIFT_OPTIMIZATION_LEVEL = "-Onone";
			};
			name = Debug;
		};
		C4EEDF4322E9FE6000E8920E /* Release */ = {
			isa = XCBuildConfiguration;
			buildSettings = {
				ALWAYS_SEARCH_USER_PATHS = NO;
				CLANG_ANALYZER_NONNULL = YES;
				CLANG_ANALYZER_NUMBER_OBJECT_CONVERSION = YES_AGGRESSIVE;
				CLANG_CXX_LANGUAGE_STANDARD = "gnu++14";
				CLANG_CXX_LIBRARY = "libc++";
				CLANG_ENABLE_MODULES = YES;
				CLANG_ENABLE_OBJC_ARC = YES;
				CLANG_ENABLE_OBJC_WEAK = YES;
				CLANG_WARN_BLOCK_CAPTURE_AUTORELEASING = YES;
				CLANG_WARN_BOOL_CONVERSION = YES;
				CLANG_WARN_COMMA = YES;
				CLANG_WARN_CONSTANT_CONVERSION = YES;
				CLANG_WARN_DEPRECATED_OBJC_IMPLEMENTATIONS = YES;
				CLANG_WARN_DIRECT_OBJC_ISA_USAGE = YES_ERROR;
				CLANG_WARN_DOCUMENTATION_COMMENTS = YES;
				CLANG_WARN_EMPTY_BODY = YES;
				CLANG_WARN_ENUM_CONVERSION = YES;
				CLANG_WARN_INFINITE_RECURSION = YES;
				CLANG_WARN_INT_CONVERSION = YES;
				CLANG_WARN_NON_LITERAL_NULL_CONVERSION = YES;
				CLANG_WARN_OBJC_IMPLICIT_RETAIN_SELF = YES;
				CLANG_WARN_OBJC_LITERAL_CONVERSION = YES;
				CLANG_WARN_OBJC_ROOT_CLASS = YES_ERROR;
				CLANG_WARN_RANGE_LOOP_ANALYSIS = YES;
				CLANG_WARN_STRICT_PROTOTYPES = YES;
				CLANG_WARN_SUSPICIOUS_MOVE = YES;
				CLANG_WARN_UNGUARDED_AVAILABILITY = YES_AGGRESSIVE;
				CLANG_WARN_UNREACHABLE_CODE = YES;
				CLANG_WARN__DUPLICATE_METHOD_MATCH = YES;
				CODE_SIGN_IDENTITY = "iPhone Developer";
				COPY_PHASE_STRIP = NO;
				DEBUG_INFORMATION_FORMAT = "dwarf-with-dsym";
				ENABLE_NS_ASSERTIONS = NO;
				ENABLE_STRICT_OBJC_MSGSEND = YES;
				GCC_C_LANGUAGE_STANDARD = gnu11;
				GCC_NO_COMMON_BLOCKS = YES;
				GCC_WARN_64_TO_32_BIT_CONVERSION = YES;
				GCC_WARN_ABOUT_RETURN_TYPE = YES_ERROR;
				GCC_WARN_UNDECLARED_SELECTOR = YES;
				GCC_WARN_UNINITIALIZED_AUTOS = YES_AGGRESSIVE;
				GCC_WARN_UNUSED_FUNCTION = YES;
				GCC_WARN_UNUSED_VARIABLE = YES;
				IPHONEOS_DEPLOYMENT_TARGET = 12.2;
				MTL_ENABLE_DEBUG_INFO = NO;
				MTL_FAST_MATH = YES;
				SDKROOT = iphoneos;
				SWIFT_COMPILATION_MODE = wholemodule;
				SWIFT_OPTIMIZATION_LEVEL = "-O";
				VALIDATE_PRODUCT = YES;
			};
			name = Release;
		};
		C4EEDF4522E9FE6000E8920E /* Debug */ = {
			isa = XCBuildConfiguration;
			buildSettings = {
				ASSETCATALOG_COMPILER_APPICON_NAME = AppIcon;
				CODE_SIGN_STYLE = Automatic;
				DEVELOPMENT_TEAM = 94MGHZ6CZS;
				INFOPLIST_FILE = algorithm/Info.plist;
				LD_RUNPATH_SEARCH_PATHS = (
					"$(inherited)",
					"@executable_path/Frameworks",
				);
				PRODUCT_BUNDLE_IDENTIFIER = com.xiuyu.algorithm;
				PRODUCT_NAME = "$(TARGET_NAME)";
				SWIFT_VERSION = 5.0;
				TARGETED_DEVICE_FAMILY = "1,2";
			};
			name = Debug;
		};
		C4EEDF4622E9FE6000E8920E /* Release */ = {
			isa = XCBuildConfiguration;
			buildSettings = {
				ASSETCATALOG_COMPILER_APPICON_NAME = AppIcon;
				CODE_SIGN_STYLE = Automatic;
				DEVELOPMENT_TEAM = 94MGHZ6CZS;
				INFOPLIST_FILE = algorithm/Info.plist;
				LD_RUNPATH_SEARCH_PATHS = (
					"$(inherited)",
					"@executable_path/Frameworks",
				);
				PRODUCT_BUNDLE_IDENTIFIER = com.xiuyu.algorithm;
				PRODUCT_NAME = "$(TARGET_NAME)";
				SWIFT_VERSION = 5.0;
				TARGETED_DEVICE_FAMILY = "1,2";
			};
			name = Release;
		};
/* End XCBuildConfiguration section */

/* Begin XCConfigurationList section */
		C4EEDF2D22E9FE5D00E8920E /* Build configuration list for PBXProject "algorithm" */ = {
			isa = XCConfigurationList;
			buildConfigurations = (
				C4EEDF4222E9FE6000E8920E /* Debug */,
				C4EEDF4322E9FE6000E8920E /* Release */,
			);
			defaultConfigurationIsVisible = 0;
			defaultConfigurationName = Release;
		};
		C4EEDF4422E9FE6000E8920E /* Build configuration list for PBXNativeTarget "algorithm" */ = {
			isa = XCConfigurationList;
			buildConfigurations = (
				C4EEDF4522E9FE6000E8920E /* Debug */,
				C4EEDF4622E9FE6000E8920E /* Release */,
			);
			defaultConfigurationIsVisible = 0;
			defaultConfigurationName = Release;
		};
/* End XCConfigurationList section */
	};
	rootObject = C4EEDF2A22E9FE5D00E8920E /* Project object */;
}
